// !$*UTF8*$!
{
	archiveVersion = 1;
	classes = {
	};
	objectVersion = 46;
	objects = {

/* Begin PBXBuildFile section */
		75C859921E482D1400DCAF3E /* AppDelegate.swift in Sources */ = {isa = PBXBuildFile; fileRef = 75C859911E482D1400DCAF3E /* AppDelegate.swift */; };
		75C859941E482D1400DCAF3E /* ViewController.swift in Sources */ = {isa = PBXBuildFile; fileRef = 75C859931E482D1400DCAF3E /* ViewController.swift */; };
		75C859971E482D1400DCAF3E /* Main.storyboard in Resources */ = {isa = PBXBuildFile; fileRef = 75C859951E482D1400DCAF3E /* Main.storyboard */; };
		75C859991E482D1400DCAF3E /* Assets.xcassets in Resources */ = {isa = PBXBuildFile; fileRef = 75C859981E482D1400DCAF3E /* Assets.xcassets */; };
		75C8599C1E482D1400DCAF3E /* LaunchScreen.storyboard in Resources */ = {isa = PBXBuildFile; fileRef = 75C8599A1E482D1400DCAF3E /* LaunchScreen.storyboard */; };
		75C859A71E482D1400DCAF3E /* ParseAppTests.swift in Sources */ = {isa = PBXBuildFile; fileRef = 75C859A61E482D1400DCAF3E /* ParseAppTests.swift */; };
		75C859B21E482D1400DCAF3E /* ParseAppUITests.swift in Sources */ = {isa = PBXBuildFile; fileRef = 75C859B11E482D1400DCAF3E /* ParseAppUITests.swift */; };
/* End PBXBuildFile section */

/* Begin PBXContainerItemProxy section */
		75C859A31E482D1400DCAF3E /* PBXContainerItemProxy */ = {
			isa = PBXContainerItemProxy;
			containerPortal = 75C859861E482D1300DCAF3E /* Project object */;
			proxyType = 1;
			remoteGlobalIDString = 75C8598D1E482D1400DCAF3E;
			remoteInfo = ParseApp;
		};
		75C859AE1E482D1400DCAF3E /* PBXContainerItemProxy */ = {
			isa = PBXContainerItemProxy;
			containerPortal = 75C859861E482D1300DCAF3E /* Project object */;
			proxyType = 1;
			remoteGlobalIDString = 75C8598D1E482D1400DCAF3E;
			remoteInfo = ParseApp;
		};
/* End PBXContainerItemProxy section */

/* Begin PBXFileReference section */
		75C8598E1E482D1400DCAF3E /* ParseApp.app */ = {isa = PBXFileReference; explicitFileType = wrapper.application; includeInIndex = 0; path = ParseApp.app; sourceTree = BUILT_PRODUCTS_DIR; };
		75C859911E482D1400DCAF3E /* AppDelegate.swift */ = {isa = PBXFileReference; lastKnownFileType = sourcecode.swift; path = AppDelegate.swift; sourceTree = "<group>"; };
		75C859931E482D1400DCAF3E /* ViewController.swift */ = {isa = PBXFileReference; lastKnownFileType = sourcecode.swift; path = ViewController.swift; sourceTree = "<group>"; };
		75C859961E482D1400DCAF3E /* Base */ = {isa = PBXFileReference; lastKnownFileType = file.storyboard; name = Base; path = Base.lproj/Main.storyboard; sourceTree = "<group>"; };
		75C859981E482D1400DCAF3E /* Assets.xcassets */ = {isa = PBXFileReference; lastKnownFileType = folder.assetcatalog; path = Assets.xcassets; sourceTree = "<group>"; };
		75C8599B1E482D1400DCAF3E /* Base */ = {isa = PBXFileReference; lastKnownFileType = file.storyboard; name = Base; path = Base.lproj/LaunchScreen.storyboard; sourceTree = "<group>"; };
		75C8599D1E482D1400DCAF3E /* Info.plist */ = {isa = PBXFileReference; lastKnownFileType = text.plist.xml; path = Info.plist; sourceTree = "<group>"; };
		75C859A21E482D1400DCAF3E /* ParseAppTests.xctest */ = {isa = PBXFileReference; explicitFileType = wrapper.cfbundle; includeInIndex = 0; path = ParseAppTests.xctest; sourceTree = BUILT_PRODUCTS_DIR; };
		75C859A61E482D1400DCAF3E /* ParseAppTests.swift */ = {isa = PBXFileReference; lastKnownFileType = sourcecode.swift; path = ParseAppTests.swift; sourceTree = "<group>"; };
		75C859A81E482D1400DCAF3E /* Info.plist */ = {isa = PBXFileReference; lastKnownFileType = text.plist.xml; path = Info.plist; sourceTree = "<group>"; };
		75C859AD1E482D1400DCAF3E /* ParseAppUITests.xctest */ = {isa = PBXFileReference; explicitFileType = wrapper.cfbundle; includeInIndex = 0; path = ParseAppUITests.xctest; sourceTree = BUILT_PRODUCTS_DIR; };
		75C859B11E482D1400DCAF3E /* ParseAppUITests.swift */ = {isa = PBXFileReference; lastKnownFileType = sourcecode.swift; path = ParseAppUITests.swift; sourceTree = "<group>"; };
		75C859B31E482D1400DCAF3E /* Info.plist */ = {isa = PBXFileReference; lastKnownFileType = text.plist.xml; path = Info.plist; sourceTree = "<group>"; };
/* End PBXFileReference section */

/* Begin PBXFrameworksBuildPhase section */
		75C8598B1E482D1400DCAF3E /* Frameworks */ = {
			isa = PBXFrameworksBuildPhase;
			buildActionMask = 2147483647;
			files = (
			);
			runOnlyForDeploymentPostprocessing = 0;
		};
		75C8599F1E482D1400DCAF3E /* Frameworks */ = {
			isa = PBXFrameworksBuildPhase;
			buildActionMask = 2147483647;
			files = (
			);
			runOnlyForDeploymentPostprocessing = 0;
		};
		75C859AA1E482D1400DCAF3E /* Frameworks */ = {
			isa = PBXFrameworksBuildPhase;
			buildActionMask = 2147483647;
			files = (
			);
			runOnlyForDeploymentPostprocessing = 0;
		};
/* End PBXFrameworksBuildPhase section */

/* Begin PBXGroup section */
		75C859851E482D1300DCAF3E = {
			isa = PBXGroup;
			children = (
				75C859901E482D1400DCAF3E /* ParseApp */,
				75C859A51E482D1400DCAF3E /* ParseAppTests */,
				75C859B01E482D1400DCAF3E /* ParseAppUITests */,
				75C8598F1E482D1400DCAF3E /* Products */,
			);
			sourceTree = "<group>";
		};
		75C8598F1E482D1400DCAF3E /* Products */ = {
			isa = PBXGroup;
			children = (
				75C8598E1E482D1400DCAF3E /* ParseApp.app */,
				75C859A21E482D1400DCAF3E /* ParseAppTests.xctest */,
				75C859AD1E482D1400DCAF3E /* ParseAppUITests.xctest */,
			);
			name = Products;
			sourceTree = "<group>";
		};
		75C859901E482D1400DCAF3E /* ParseApp */ = {
			isa = PBXGroup;
			children = (
				75C859911E482D1400DCAF3E /* AppDelegate.swift */,
				75C859931E482D1400DCAF3E /* ViewController.swift */,
				75C859951E482D1400DCAF3E /* Main.storyboard */,
				75C859981E482D1400DCAF3E /* Assets.xcassets */,
				75C8599A1E482D1400DCAF3E /* LaunchScreen.storyboard */,
				75C8599D1E482D1400DCAF3E /* Info.plist */,
			);
			path = ParseApp;
			sourceTree = "<group>";
		};
		75C859A51E482D1400DCAF3E /* ParseAppTests */ = {
			isa = PBXGroup;
			children = (
				75C859A61E482D1400DCAF3E /* ParseAppTests.swift */,
				75C859A81E482D1400DCAF3E /* Info.plist */,
			);
			path = ParseAppTests;
			sourceTree = "<group>";
		};
		75C859B01E482D1400DCAF3E /* ParseAppUITests */ = {
			isa = PBXGroup;
			children = (
				75C859B11E482D1400DCAF3E /* ParseAppUITests.swift */,
				75C859B31E482D1400DCAF3E /* Info.plist */,
			);
			path = ParseAppUITests;
			sourceTree = "<group>";
		};
/* End PBXGroup section */

/* Begin PBXNativeTarget section */
		75C8598D1E482D1400DCAF3E /* ParseApp */ = {
			isa = PBXNativeTarget;
			buildConfigurationList = 75C859B61E482D1400DCAF3E /* Build configuration list for PBXNativeTarget "ParseApp" */;
			buildPhases = (
				75C8598A1E482D1400DCAF3E /* Sources */,
				75C8598B1E482D1400DCAF3E /* Frameworks */,
				75C8598C1E482D1400DCAF3E /* Resources */,
			);
			buildRules = (
			);
			dependencies = (
			);
			name = ParseApp;
			productName = ParseApp;
			productReference = 75C8598E1E482D1400DCAF3E /* ParseApp.app */;
			productType = "com.apple.product-type.application";
		};
		75C859A11E482D1400DCAF3E /* ParseAppTests */ = {
			isa = PBXNativeTarget;
			buildConfigurationList = 75C859B91E482D1400DCAF3E /* Build configuration list for PBXNativeTarget "ParseAppTests" */;
			buildPhases = (
				75C8599E1E482D1400DCAF3E /* Sources */,
				75C8599F1E482D1400DCAF3E /* Frameworks */,
				75C859A01E482D1400DCAF3E /* Resources */,
			);
			buildRules = (
			);
			dependencies = (
				75C859A41E482D1400DCAF3E /* PBXTargetDependency */,
			);
			name = ParseAppTests;
			productName = ParseAppTests;
			productReference = 75C859A21E482D1400DCAF3E /* ParseAppTests.xctest */;
			productType = "com.apple.product-type.bundle.unit-test";
		};
		75C859AC1E482D1400DCAF3E /* ParseAppUITests */ = {
			isa = PBXNativeTarget;
			buildConfigurationList = 75C859BC1E482D1400DCAF3E /* Build configuration list for PBXNativeTarget "ParseAppUITests" */;
			buildPhases = (
				75C859A91E482D1400DCAF3E /* Sources */,
				75C859AA1E482D1400DCAF3E /* Frameworks */,
				75C859AB1E482D1400DCAF3E /* Resources */,
			);
			buildRules = (
			);
			dependencies = (
				75C859AF1E482D1400DCAF3E /* PBXTargetDependency */,
			);
			name = ParseAppUITests;
			productName = ParseAppUITests;
			productReference = 75C859AD1E482D1400DCAF3E /* ParseAppUITests.xctest */;
			productType = "com.apple.product-type.bundle.ui-testing";
		};
/* End PBXNativeTarget section */

/* Begin PBXProject section */
		75C859861E482D1300DCAF3E /* Project object */ = {
			isa = PBXProject;
			attributes = {
				LastSwiftUpdateCheck = 0820;
				LastUpgradeCheck = 0820;
				ORGANIZATIONNAME = "Richard Du";
				TargetAttributes = {
					75C8598D1E482D1400DCAF3E = {
						CreatedOnToolsVersion = 8.2.1;
						ProvisioningStyle = Automatic;
					};
					75C859A11E482D1400DCAF3E = {
						CreatedOnToolsVersion = 8.2.1;
						ProvisioningStyle = Automatic;
						TestTargetID = 75C8598D1E482D1400DCAF3E;
					};
					75C859AC1E482D1400DCAF3E = {
						CreatedOnToolsVersion = 8.2.1;
						ProvisioningStyle = Automatic;
						TestTargetID = 75C8598D1E482D1400DCAF3E;
					};
				};
			};
			buildConfigurationList = 75C859891E482D1300DCAF3E /* Build configuration list for PBXProject "ParseApp" */;
			compatibilityVersion = "Xcode 3.2";
			developmentRegion = English;
			hasScannedForEncodings = 0;
			knownRegions = (
				en,
				Base,
			);
			mainGroup = 75C859851E482D1300DCAF3E;
			productRefGroup = 75C8598F1E482D1400DCAF3E /* Products */;
			projectDirPath = "";
			projectRoot = "";
			targets = (
				75C8598D1E482D1400DCAF3E /* ParseApp */,
				75C859A11E482D1400DCAF3E /* ParseAppTests */,
				75C859AC1E482D1400DCAF3E /* ParseAppUITests */,
			);
		};
/* End PBXProject section */

/* Begin PBXResourcesBuildPhase section */
		75C8598C1E482D1400DCAF3E /* Resources */ = {
			isa = PBXResourcesBuildPhase;
			buildActionMask = 2147483647;
			files = (
				75C8599C1E482D1400DCAF3E /* LaunchScreen.storyboard in Resources */,
				75C859991E482D1400DCAF3E /* Assets.xcassets in Resources */,
				75C859971E482D1400DCAF3E /* Main.storyboard in Resources */,
			);
			runOnlyForDeploymentPostprocessing = 0;
		};
		75C859A01E482D1400DCAF3E /* Resources */ = {
			isa = PBXResourcesBuildPhase;
			buildActionMask = 2147483647;
			files = (
			);
			runOnlyForDeploymentPostprocessing = 0;
		};
		75C859AB1E482D1400DCAF3E /* Resources */ = {
			isa = PBXResourcesBuildPhase;
			buildActionMask = 2147483647;
			files = (
			);
			runOnlyForDeploymentPostprocessing = 0;
		};
/* End PBXResourcesBuildPhase section */

/* Begin PBXSourcesBuildPhase section */
		75C8598A1E482D1400DCAF3E /* Sources */ = {
			isa = PBXSourcesBuildPhase;
			buildActionMask = 2147483647;
			files = (
				75C859941E482D1400DCAF3E /* ViewController.swift in Sources */,
				75C859921E482D1400DCAF3E /* AppDelegate.swift in Sources */,
			);
			runOnlyForDeploymentPostprocessing = 0;
		};
		75C8599E1E482D1400DCAF3E /* Sources */ = {
			isa = PBXSourcesBuildPhase;
			buildActionMask = 2147483647;
			files = (
				75C859A71E482D1400DCAF3E /* ParseAppTests.swift in Sources */,
			);
			runOnlyForDeploymentPostprocessing = 0;
		};
		75C859A91E482D1400DCAF3E /* Sources */ = {
			isa = PBXSourcesBuildPhase;
			buildActionMask = 2147483647;
			files = (
				75C859B21E482D1400DCAF3E /* ParseAppUITests.swift in Sources */,
			);
			runOnlyForDeploymentPostprocessing = 0;
		};
/* End PBXSourcesBuildPhase section */

/* Begin PBXTargetDependency section */
		75C859A41E482D1400DCAF3E /* PBXTargetDependency */ = {
			isa = PBXTargetDependency;
			target = 75C8598D1E482D1400DCAF3E /* ParseApp */;
			targetProxy = 75C859A31E482D1400DCAF3E /* PBXContainerItemProxy */;
		};
		75C859AF1E482D1400DCAF3E /* PBXTargetDependency */ = {
			isa = PBXTargetDependency;
			target = 75C8598D1E482D1400DCAF3E /* ParseApp */;
			targetProxy = 75C859AE1E482D1400DCAF3E /* PBXContainerItemProxy */;
		};
/* End PBXTargetDependency section */

/* Begin PBXVariantGroup section */
		75C859951E482D1400DCAF3E /* Main.storyboard */ = {
			isa = PBXVariantGroup;
			children = (
				75C859961E482D1400DCAF3E /* Base */,
			);
			name = Main.storyboard;
			sourceTree = "<group>";
		};
		75C8599A1E482D1400DCAF3E /* LaunchScreen.storyboard */ = {
			isa = PBXVariantGroup;
			children = (
				75C8599B1E482D1400DCAF3E /* Base */,
			);
			name = LaunchScreen.storyboard;
			sourceTree = "<group>";
		};
/* End PBXVariantGroup section */

/* Begin XCBuildConfiguration section */
		75C859B41E482D1400DCAF3E /* Debug */ = {
			isa = XCBuildConfiguration;
			buildSettings = {
				ALWAYS_SEARCH_USER_PATHS = NO;
				CLANG_ANALYZER_NONNULL = YES;
				CLANG_CXX_LANGUAGE_STANDARD = "gnu++0x";
				CLANG_CXX_LIBRARY = "libc++";
				CLANG_ENABLE_MODULES = YES;
				CLANG_ENABLE_OBJC_ARC = YES;
				CLANG_WARN_BOOL_CONVERSION = YES;
				CLANG_WARN_CONSTANT_CONVERSION = YES;
				CLANG_WARN_DIRECT_OBJC_ISA_USAGE = YES_ERROR;
				CLANG_WARN_DOCUMENTATION_COMMENTS = YES;
				CLANG_WARN_EMPTY_BODY = YES;
				CLANG_WARN_ENUM_CONVERSION = YES;
				CLANG_WARN_INFINITE_RECURSION = YES;
				CLANG_WARN_INT_CONVERSION = YES;
				CLANG_WARN_OBJC_ROOT_CLASS = YES_ERROR;
				CLANG_WARN_SUSPICIOUS_MOVE = YES;
				CLANG_WARN_UNREACHABLE_CODE = YES;
				CLANG_WARN__DUPLICATE_METHOD_MATCH = YES;
				"CODE_SIGN_IDENTITY[sdk=iphoneos*]" = "iPhone Developer";
				COPY_PHASE_STRIP = NO;
				DEBUG_INFORMATION_FORMAT = dwarf;
				ENABLE_STRICT_OBJC_MSGSEND = YES;
				ENABLE_TESTABILITY = YES;
				GCC_C_LANGUAGE_STANDARD = gnu99;
				GCC_DYNAMIC_NO_PIC = NO;
				GCC_NO_COMMON_BLOCKS = YES;
				GCC_OPTIMIZATION_LEVEL = 0;
				GCC_PREPROCESSOR_DEFINITIONS = (
					"DEBUG=1",
					"$(inherited)",
				);
				GCC_WARN_64_TO_32_BIT_CONVERSION = YES;
				GCC_WARN_ABOUT_RETURN_TYPE = YES_ERROR;
				GCC_WARN_UNDECLARED_SELECTOR = YES;
				GCC_WARN_UNINITIALIZED_AUTOS = YES_AGGRESSIVE;
				GCC_WARN_UNUSED_FUNCTION = YES;
				GCC_WARN_UNUSED_VARIABLE = YES;
				IPHONEOS_DEPLOYMENT_TARGET = 10.2;
				MTL_ENABLE_DEBUG_INFO = YES;
				ONLY_ACTIVE_ARCH = YES;
				SDKROOT = iphoneos;
				SWIFT_ACTIVE_COMPILATION_CONDITIONS = DEBUG;
				SWIFT_OPTIMIZATION_LEVEL = "-Onone";
				TARGETED_DEVICE_FAMILY = "1,2";
			};
			name = Debug;
		};
		75C859B51E482D1400DCAF3E /* Release */ = {
			isa = XCBuildConfiguration;
			buildSettings = {
				ALWAYS_SEARCH_USER_PATHS = NO;
				CLANG_ANALYZER_NONNULL = YES;
				CLANG_CXX_LANGUAGE_STANDARD = "gnu++0x";
				CLANG_CXX_LIBRARY = "libc++";
				CLANG_ENABLE_MODULES = YES;
				CLANG_ENABLE_OBJC_ARC = YES;
				CLANG_WARN_BOOL_CONVERSION = YES;
				CLANG_WARN_CONSTANT_CONVERSION = YES;
				CLANG_WARN_DIRECT_OBJC_ISA_USAGE = YES_ERROR;
				CLANG_WARN_DOCUMENTATION_COMMENTS = YES;
				CLANG_WARN_EMPTY_BODY = YES;
				CLANG_WARN_ENUM_CONVERSION = YES;
				CLANG_WARN_INFINITE_RECURSION = YES;
				CLANG_WARN_INT_CONVERSION = YES;
				CLANG_WARN_OBJC_ROOT_CLASS = YES_ERROR;
				CLANG_WARN_SUSPICIOUS_MOVE = YES;
				CLANG_WARN_UNREACHABLE_CODE = YES;
				CLANG_WARN__DUPLICATE_METHOD_MATCH = YES;
				"CODE_SIGN_IDENTITY[sdk=iphoneos*]" = "iPhone Developer";
				COPY_PHASE_STRIP = NO;
				DEBUG_INFORMATION_FORMAT = "dwarf-with-dsym";
				ENABLE_NS_ASSERTIONS = NO;
				ENABLE_STRICT_OBJC_MSGSEND = YES;
				GCC_C_LANGUAGE_STANDARD = gnu99;
				GCC_NO_COMMON_BLOCKS = YES;
				GCC_WARN_64_TO_32_BIT_CONVERSION = YES;
				GCC_WARN_ABOUT_RETURN_TYPE = YES_ERROR;
				GCC_WARN_UNDECLARED_SELECTOR = YES;
				GCC_WARN_UNINITIALIZED_AUTOS = YES_AGGRESSIVE;
				GCC_WARN_UNUSED_FUNCTION = YES;
				GCC_WARN_UNUSED_VARIABLE = YES;
				IPHONEOS_DEPLOYMENT_TARGET = 10.2;
				MTL_ENABLE_DEBUG_INFO = NO;
				SDKROOT = iphoneos;
				SWIFT_OPTIMIZATION_LEVEL = "-Owholemodule";
				TARGETED_DEVICE_FAMILY = "1,2";
				VALIDATE_PRODUCT = YES;
			};
			name = Release;
		};
		75C859B71E482D1400DCAF3E /* Debug */ = {
			isa = XCBuildConfiguration;
			buildSettings = {
				ASSETCATALOG_COMPILER_APPICON_NAME = AppIcon;
				INFOPLIST_FILE = ParseApp/Info.plist;
				LD_RUNPATH_SEARCH_PATHS = "$(inherited) @executable_path/Frameworks";
				PRODUCT_BUNDLE_IDENTIFIER = com.richard.ParseApp;
				PRODUCT_NAME = "$(TARGET_NAME)";
				SWIFT_VERSION = 3.0;
			};
			name = Debug;
		};
		75C859B81E482D1400DCAF3E /* Release */ = {
			isa = XCBuildConfiguration;
			buildSettings = {
				ASSETCATALOG_COMPILER_APPICON_NAME = AppIcon;
				INFOPLIST_FILE = ParseApp/Info.plist;
				LD_RUNPATH_SEARCH_PATHS = "$(inherited) @executable_path/Frameworks";
				PRODUCT_BUNDLE_IDENTIFIER = com.richard.ParseApp;
				PRODUCT_NAME = "$(TARGET_NAME)";
				SWIFT_VERSION = 3.0;
			};
			name = Release;
		};
		75C859BA1E482D1400DCAF3E /* Debug */ = {
			isa = XCBuildConfiguration;
			buildSettings = {
				ALWAYS_EMBED_SWIFT_STANDARD_LIBRARIES = YES;
				BUNDLE_LOADER = "$(TEST_HOST)";
				INFOPLIST_FILE = ParseAppTests/Info.plist;
				LD_RUNPATH_SEARCH_PATHS = "$(inherited) @executable_path/Frameworks @loader_path/Frameworks";
				PRODUCT_BUNDLE_IDENTIFIER = com.richard.ParseAppTests;
				PRODUCT_NAME = "$(TARGET_NAME)";
				SWIFT_VERSION = 3.0;
				TEST_HOST = "$(BUILT_PRODUCTS_DIR)/ParseApp.app/ParseApp";
			};
			name = Debug;
		};
		75C859BB1E482D1400DCAF3E /* Release */ = {
			isa = XCBuildConfiguration;
			buildSettings = {
				ALWAYS_EMBED_SWIFT_STANDARD_LIBRARIES = YES;
				BUNDLE_LOADER = "$(TEST_HOST)";
				INFOPLIST_FILE = ParseAppTests/Info.plist;
				LD_RUNPATH_SEARCH_PATHS = "$(inherited) @executable_path/Frameworks @loader_path/Frameworks";
				PRODUCT_BUNDLE_IDENTIFIER = com.richard.ParseAppTests;
				PRODUCT_NAME = "$(TARGET_NAME)";
				SWIFT_VERSION = 3.0;
				TEST_HOST = "$(BUILT_PRODUCTS_DIR)/ParseApp.app/ParseApp";
			};
			name = Release;
		};
		75C859BD1E482D1400DCAF3E /* Debug */ = {
			isa = XCBuildConfiguration;
			buildSettings = {
				ALWAYS_EMBED_SWIFT_STANDARD_LIBRARIES = YES;
				INFOPLIST_FILE = ParseAppUITests/Info.plist;
				LD_RUNPATH_SEARCH_PATHS = "$(inherited) @executable_path/Frameworks @loader_path/Frameworks";
				PRODUCT_BUNDLE_IDENTIFIER = com.richard.ParseAppUITests;
				PRODUCT_NAME = "$(TARGET_NAME)";
				SWIFT_VERSION = 3.0;
				TEST_TARGET_NAME = ParseApp;
			};
			name = Debug;
		};
		75C859BE1E482D1400DCAF3E /* Release */ = {
			isa = XCBuildConfiguration;
			buildSettings = {
				ALWAYS_EMBED_SWIFT_STANDARD_LIBRARIES = YES;
				INFOPLIST_FILE = ParseAppUITests/Info.plist;
				LD_RUNPATH_SEARCH_PATHS = "$(inherited) @executable_path/Frameworks @loader_path/Frameworks";
				PRODUCT_BUNDLE_IDENTIFIER = com.richard.ParseAppUITests;
				PRODUCT_NAME = "$(TARGET_NAME)";
				SWIFT_VERSION = 3.0;
				TEST_TARGET_NAME = ParseApp;
			};
			name = Release;
		};
/* End XCBuildConfiguration section */

/* Begin XCConfigurationList section */
		75C859891E482D1300DCAF3E /* Build configuration list for PBXProject "ParseApp" */ = {
			isa = XCConfigurationList;
			buildConfigurations = (
				75C859B41E482D1400DCAF3E /* Debug */,
				75C859B51E482D1400DCAF3E /* Release */,
			);
			defaultConfigurationIsVisible = 0;
			defaultConfigurationName = Release;
		};
		75C859B61E482D1400DCAF3E /* Build configuration list for PBXNativeTarget "ParseApp" */ = {
			isa = XCConfigurationList;
			buildConfigurations = (
				75C859B71E482D1400DCAF3E /* Debug */,
				75C859B81E482D1400DCAF3E /* Release */,
			);
			defaultConfigurationIsVisible = 0;
		};
		75C859B91E482D1400DCAF3E /* Build configuration list for PBXNativeTarget "ParseAppTests" */ = {
			isa = XCConfigurationList;
			buildConfigurations = (
				75C859BA1E482D1400DCAF3E /* Debug */,
				75C859BB1E482D1400DCAF3E /* Release */,
			);
			defaultConfigurationIsVisible = 0;
		};
		75C859BC1E482D1400DCAF3E /* Build configuration list for PBXNativeTarget "ParseAppUITests" */ = {
			isa = XCConfigurationList;
			buildConfigurations = (
				75C859BD1E482D1400DCAF3E /* Debug */,
				75C859BE1E482D1400DCAF3E /* Release */,
			);
			defaultConfigurationIsVisible = 0;
		};
/* End XCConfigurationList section */
	};
	rootObject = 75C859861E482D1300DCAF3E /* Project object */;
}
